
Microsoft Visual Studio Solution File, Format Version 12.00
# Visual Studio Version 16
VisualStudioVersion = 16.0.30717.126
MinimumVisualStudioVersion = 10.0.40219.1
Project("{FAE04EC0-301F-11D3-BF4B-00C04F79EFBC}") = "Indicator", "Indicator\Indicator.csproj", "{A1BD98FE-71FE-4826-A0D5-F9E4F9CCEE4A}"
EndProject
Project("{FAE04EC0-301F-11D3-BF4B-00C04F79EFBC}") = "Indicator.Tests", "Indicator.Tests\Indicator.Tests.csproj", "{F93F2966-82A7-4609-9C8E-6458C17FB0C3}"
EndProject
Project("{FAE04EC0-301F-11D3-BF4B-00C04F79EFBC}") = "TestHelper", "TestHelper\TestHelper.csproj", "{D966E5AB-27A0-41FB-B082-CA0901BC0D25}"
EndProject
Project("{FAE04EC0-301F-11D3-BF4B-00C04F79EFBC}") = "TestHelper.Tests", "TestHelper.Tests\TestHelper.Tests.csproj", "{38A2B03A-DB19-4A47-893C-4303A51D31DD}"
EndProject
Global
	GlobalSection(SolutionConfigurationPlatforms) = preSolution
		Debug|Any CPU = Debug|Any CPU
		Release|Any CPU = Release|Any CPU
	EndGlobalSection
	GlobalSection(ProjectConfigurationPlatforms) = postSolution
		{A1BD98FE-71FE-4826-A0D5-F9E4F9CCEE4A}.Debug|Any CPU.ActiveCfg = Debug|Any CPU
		{A1BD98FE-71FE-4826-A0D5-F9E4F9CCEE4A}.Debug|Any CPU.Build.0 = Debug|Any CPU
		{A1BD98FE-71FE-4826-A0D5-F9E4F9CCEE4A}.Release|Any CPU.ActiveCfg = Release|Any CPU
		{A1BD98FE-71FE-4826-A0D5-F9E4F9CCEE4A}.Release|Any CPU.Build.0 = Release|Any CPU
		{F93F2966-82A7-4609-9C8E-6458C17FB0C3}.Debug|Any CPU.ActiveCfg = Debug|Any CPU
		{F93F2966-82A7-4609-9C8E-6458C17FB0C3}.Debug|Any CPU.Build.0 = Debug|Any CPU
		{F93F2966-82A7-4609-9C8E-6458C17FB0C3}.Release|Any CPU.ActiveCfg = Release|Any CPU
		{F93F2966-82A7-4609-9C8E-6458C17FB0C3}.Release|Any CPU.Build.0 = Release|Any CPU
		{D966E5AB-27A0-41FB-B082-CA0901BC0D25}.Debug|Any CPU.ActiveCfg = Debug|Any CPU
		{D966E5AB-27A0-41FB-B082-CA0901BC0D25}.Debug|Any CPU.Build.0 = Debug|Any CPU
		{D966E5AB-27A0-41FB-B082-CA0901BC0D25}.Release|Any CPU.ActiveCfg = Release|Any CPU
		{D966E5AB-27A0-41FB-B082-CA0901BC0D25}.Release|Any CPU.Build.0 = Release|Any CPU
		{38A2B03A-DB19-4A47-893C-4303A51D31DD}.Debug|Any CPU.ActiveCfg = Debug|Any CPU
		{38A2B03A-DB19-4A47-893C-4303A51D31DD}.Debug|Any CPU.Build.0 = Debug|Any CPU
		{38A2B03A-DB19-4A47-893C-4303A51D31DD}.Release|Any CPU.ActiveCfg = Release|Any CPU
		{38A2B03A-DB19-4A47-893C-4303A51D31DD}.Release|Any CPU.Build.0 = Release|Any CPU
	EndGlobalSection
	GlobalSection(SolutionProperties) = preSolution
		HideSolutionNode = FALSE
	EndGlobalSection
	GlobalSection(ExtensibilityGlobals) = postSolution
		SolutionGuid = {0A0693C5-FFD3-46C8-BEF3-79A79D938886}
	EndGlobalSection
EndGlobal
